<?xml version="1.0" encoding="utf-8"?>
<Project ToolsVersion="4.0" xmlns="http://schemas.microsoft.com/developer/msbuild/2003">
  <ItemGroup>
    <Filter Include="Source Files">
      <UniqueIdentifier>{4FC737F1-C7A5-4376-A066-2A32D752A2FF}</UniqueIdentifier>
      <Extensions>cpp;c;cc;cxx;c++;cppm;ixx;def;odl;idl;hpj;bat;asm;asmx</Extensions>
    </Filter>
    <Filter Include="Header Files">
      <UniqueIdentifier>{93995380-89BD-4b04-88EB-625FBE52EBFB}</UniqueIdentifier>
      <Extensions>h;hh;hpp;hxx;h++;hm;inl;inc;ipp;xsd</Extensions>
    </Filter>
    <Filter Include="Resource Files">
      <UniqueIdentifier>{67DA6AB6-F800-4c08-8B7A-83BB121AAD01}</UniqueIdentifier>
      <Extensions>rc;ico;cur;bmp;dlg;rc2;rct;bin;rgs;gif;jpg;jpeg;jpe;resx;tiff;tif;png;wav;mfcribbon-ms</Extensions>
    </Filter>
    <Filter Include="Source Files\oggvorbis">
      <UniqueIdentifier>{5fa0d72d-229b-43bb-99c8-8a1a0ce44fae}</UniqueIdentifier>
    </Filter>
    <Filter Include="Source Files\md5">
      <UniqueIdentifier>{7482d538-0f63-4d31-86e8-f45c7e568802}</UniqueIdentifier>
    </Filter>
    <Filter Include="Source Files\lz4">
      <UniqueIdentifier>{93d7d670-815c-4ad0-8a5a-b2ded4df4b89}</UniqueIdentifier>
    </Filter>
    <Filter Include="Source Files\ww2ogg">
      <UniqueIdentifier>{c7ffb432-2cf4-46cb-a4da-3dd4c8dc366a}</UniqueIdentifier>
    </Filter>
    <Filter Include="Source Files\revorb">
      <UniqueIdentifier>{79e2d24e-6bbc-4121-a13b-026a084ae663}</UniqueIdentifier>
    </Filter>
  </ItemGroup>
  <ItemGroup>
    <ClCompile Include="..\rpkg_src\thirdparty\ogg\src\bitwise.c">
      <Filter>Source Files\oggvorbis</Filter>
    </ClCompile>
    <ClCompile Include="..\rpkg_src\thirdparty\ogg\src\framing.c">
      <Filter>Source Files\oggvorbis</Filter>
    </ClCompile>
    <ClCompile Include="..\rpkg_src\thirdparty\vorbis\lib\analysis.c">
      <Filter>Source Files\oggvorbis</Filter>
    </ClCompile>
    <ClCompile Include="..\rpkg_src\thirdparty\vorbis\lib\bitrate.c">
      <Filter>Source Files\oggvorbis</Filter>
    </ClCompile>
    <ClCompile Include="..\rpkg_src\thirdparty\vorbis\lib\block.c">
      <Filter>Source Files\oggvorbis</Filter>
    </ClCompile>
    <ClCompile Include="..\rpkg_src\thirdparty\vorbis\lib\codebook.c">
      <Filter>Source Files\oggvorbis</Filter>
    </ClCompile>
    <ClCompile Include="..\rpkg_src\thirdparty\vorbis\lib\envelope.c">
      <Filter>Source Files\oggvorbis</Filter>
    </ClCompile>
    <ClCompile Include="..\rpkg_src\thirdparty\vorbis\lib\floor0.c">
      <Filter>Source Files\oggvorbis</Filter>
    </ClCompile>
    <ClCompile Include="..\rpkg_src\thirdparty\vorbis\lib\floor1.c">
      <Filter>Source Files\oggvorbis</Filter>
    </ClCompile>
    <ClCompile Include="..\rpkg_src\thirdparty\vorbis\lib\info.c">
      <Filter>Source Files\oggvorbis</Filter>
    </ClCompile>
    <ClCompile Include="..\rpkg_src\thirdparty\vorbis\lib\lookup.c">
      <Filter>Source Files\oggvorbis</Filter>
    </ClCompile>
    <ClCompile Include="..\rpkg_src\thirdparty\vorbis\lib\lpc.c">
      <Filter>Source Files\oggvorbis</Filter>
    </ClCompile>
    <ClCompile Include="..\rpkg_src\thirdparty\vorbis\lib\lsp.c">
      <Filter>Source Files\oggvorbis</Filter>
    </ClCompile>
    <ClCompile Include="..\rpkg_src\thirdparty\vorbis\lib\mapping0.c">
      <Filter>Source Files\oggvorbis</Filter>
    </ClCompile>
    <ClCompile Include="..\rpkg_src\thirdparty\vorbis\lib\mdct.c">
      <Filter>Source Files\oggvorbis</Filter>
    </ClCompile>
    <ClCompile Include="..\rpkg_src\thirdparty\vorbis\lib\psy.c">
      <Filter>Source Files\oggvorbis</Filter>
    </ClCompile>
    <ClCompile Include="..\rpkg_src\thirdparty\vorbis\lib\registry.c">
      <Filter>Source Files\oggvorbis</Filter>
    </ClCompile>
    <ClCompile Include="..\rpkg_src\thirdparty\vorbis\lib\res0.c">
      <Filter>Source Files\oggvorbis</Filter>
    </ClCompile>
    <ClCompile Include="..\rpkg_src\thirdparty\vorbis\lib\sharedbook.c">
      <Filter>Source Files\oggvorbis</Filter>
    </ClCompile>
    <ClCompile Include="..\rpkg_src\thirdparty\vorbis\lib\smallft.c">
      <Filter>Source Files\oggvorbis</Filter>
    </ClCompile>
    <ClCompile Include="..\rpkg_src\thirdparty\vorbis\lib\synthesis.c">
      <Filter>Source Files\oggvorbis</Filter>
    </ClCompile>
    <ClCompile Include="..\rpkg_src\thirdparty\vorbis\lib\vorbisenc.c">
      <Filter>Source Files\oggvorbis</Filter>
    </ClCompile>
    <ClCompile Include="..\rpkg_src\thirdparty\vorbis\lib\vorbisfile.c">
      <Filter>Source Files\oggvorbis</Filter>
    </ClCompile>
    <ClCompile Include="..\rpkg_src\thirdparty\vorbis\lib\window.c">
      <Filter>Source Files\oggvorbis</Filter>
    </ClCompile>
    <ClCompile Include="..\rpkg_src\command_json.cpp">
      <Filter>Source Files</Filter>
    </ClCompile>
    <ClCompile Include="..\rpkg_src\command_line.cpp">
      <Filter>Source Files</Filter>
    </ClCompile>
    <ClCompile Include="..\rpkg_src\compute_ioi_hash.cpp">
      <Filter>Source Files</Filter>
    </ClCompile>
    <ClCompile Include="..\rpkg_src\compute_ioi_hash_from_file.cpp">
      <Filter>Source Files</Filter>
    </ClCompile>
    <ClCompile Include="..\rpkg_src\console.cpp">
      <Filter>Source Files</Filter>
    </ClCompile>
    <ClCompile Include="..\rpkg_src\crypto.cpp">
      <Filter>Source Files</Filter>
    </ClCompile>
    <ClCompile Include="..\rpkg_src\decrypt_packagedefinition_thumbs.cpp">
      <Filter>Source Files</Filter>
    </ClCompile>
    <ClCompile Include="..\rpkg_src\encrypt_packagedefinition_thumbs.cpp">
      <Filter>Source Files</Filter>
    </ClCompile>
    <ClCompile Include="..\rpkg_src\extract_dlge_to_json_from.cpp">
      <Filter>Source Files</Filter>
    </ClCompile>
    <ClCompile Include="..\rpkg_src\extract_from_rpkg.cpp">
      <Filter>Source Files</Filter>
    </ClCompile>
    <ClCompile Include="..\rpkg_src\extract_from_rpkg_with_map.cpp">
      <Filter>Source Files</Filter>
    </ClCompile>
    <ClCompile Include="..\rpkg_src\extract_hash_meta.cpp">
      <Filter>Source Files</Filter>
    </ClCompile>
    <ClCompile Include="..\rpkg_src\extract_locr_to_json_from.cpp">
      <Filter>Source Files</Filter>
    </ClCompile>
    <ClCompile Include="..\rpkg_src\extract_ores_from.cpp">
      <Filter>Source Files</Filter>
    </ClCompile>
    <ClCompile Include="..\rpkg_src\extract_rpkg_meta.cpp">
      <Filter>Source Files</Filter>
    </ClCompile>
    <ClCompile Include="..\rpkg_src\extract_rtlv_to_json_from.cpp">
      <Filter>Source Files</Filter>
    </ClCompile>
    <ClCompile Include="..\rpkg_src\extract_wwem_to_ogg_from.cpp">
      <Filter>Source Files</Filter>
    </ClCompile>
    <ClCompile Include="..\rpkg_src\extract_wwes_to_ogg_from.cpp">
      <Filter>Source Files</Filter>
    </ClCompile>
    <ClCompile Include="..\rpkg_src\extract_wwev_to_ogg_from.cpp">
      <Filter>Source Files</Filter>
    </ClCompile>
    <ClCompile Include="..\rpkg_src\file.cpp">
      <Filter>Source Files</Filter>
    </ClCompile>
    <ClCompile Include="..\rpkg_src\generate_rpkg_from.cpp">
      <Filter>Source Files</Filter>
    </ClCompile>
    <ClCompile Include="..\rpkg_src\global.cpp">
      <Filter>Source Files</Filter>
    </ClCompile>
    <ClCompile Include="..\rpkg_src\hash.cpp">
      <Filter>Source Files</Filter>
    </ClCompile>
    <ClCompile Include="..\rpkg_src\hash_depends.cpp">
      <Filter>Source Files</Filter>
    </ClCompile>
    <ClCompile Include="..\rpkg_src\hash_probe.cpp">
      <Filter>Source Files</Filter>
    </ClCompile>
    <ClCompile Include="..\rpkg_src\hash_probe_from_file.cpp">
      <Filter>Source Files</Filter>
    </ClCompile>
    <ClCompile Include="..\rpkg_src\import_hash_meta.cpp">
      <Filter>Source Files</Filter>
    </ClCompile>
    <ClCompile Include="..\rpkg_src\import_rpkg.cpp">
      <Filter>Source Files</Filter>
    </ClCompile>
    <ClCompile Include="..\rpkg_src\import_rpkg_files_in_folder.cpp">
      <Filter>Source Files</Filter>
    </ClCompile>
    <ClCompile Include="..\rpkg_src\import_rpkg_meta.cpp">
      <Filter>Source Files</Filter>
    </ClCompile>
    <ClCompile Include="..\rpkg_src\load_master_hash_list.cpp">
      <Filter>Source Files</Filter>
    </ClCompile>
    <ClCompile Include="..\rpkg_src\rebuild_dlge_from_json_from.cpp">
      <Filter>Source Files</Filter>
    </ClCompile>
    <ClCompile Include="..\rpkg_src\rebuild_locr_from_json_from.cpp">
      <Filter>Source Files</Filter>
    </ClCompile>
    <ClCompile Include="..\rpkg_src\rebuild_rtlv_from_json_from.cpp">
      <Filter>Source Files</Filter>
    </ClCompile>
    <ClCompile Include="..\rpkg_src\rebuild_wwev_in.cpp">
      <Filter>Source Files</Filter>
    </ClCompile>
    <ClCompile Include="..\rpkg_src\rpkg.cpp">
      <Filter>Source Files</Filter>
    </ClCompile>
    <ClCompile Include="..\rpkg_src\rpkg_dll.cpp">
      <Filter>Source Files</Filter>
    </ClCompile>
    <ClCompile Include="..\rpkg_src\search_hash_data.cpp">
      <Filter>Source Files</Filter>
    </ClCompile>
    <ClCompile Include="..\rpkg_src\util.cpp">
      <Filter>Source Files</Filter>
    </ClCompile>
    <ClCompile Include="..\rpkg_src\thirdparty\md5\md5.c">
      <Filter>Source Files\md5</Filter>
    </ClCompile>
    <ClCompile Include="..\rpkg_src\thirdparty\ww2ogg\crc.c">
      <Filter>Source Files\ww2ogg</Filter>
    </ClCompile>
    <ClCompile Include="..\rpkg_src\thirdparty\lz4\lz4.c">
      <Filter>Source Files\lz4</Filter>
    </ClCompile>
    <ClCompile Include="..\rpkg_src\thirdparty\lz4\lz4hc.c">
      <Filter>Source Files\lz4</Filter>
    </ClCompile>
    <ClCompile Include="..\rpkg_src\thirdparty\lz4\xxhash.c">
      <Filter>Source Files\lz4</Filter>
    </ClCompile>
    <ClCompile Include="..\rpkg_src\thirdparty\ww2ogg\wwriff.cpp">
      <Filter>Source Files\ww2ogg</Filter>
    </ClCompile>
    <ClCompile Include="..\rpkg_src\thirdparty\ww2ogg\ww2oggcodebook.cpp">
      <Filter>Source Files\ww2ogg</Filter>
    </ClCompile>
    <ClCompile Include="..\rpkg_src\thirdparty\revorb\revorb.cpp">
      <Filter>Source Files\revorb</Filter>
    </ClCompile>
    <ClCompile Include="..\rpkg_src\task.cpp">
      <Filter>Source Files</Filter>
    </ClCompile>
    <ClCompile Include="..\rpkg_src\get_unique_name.cpp">
      <Filter>Source Files</Filter>
    </ClCompile>
    <ClCompile Include="..\rpkg_src\extract_direct_hash_depends.cpp">
      <Filter>Source Files</Filter>
    </ClCompile>
    <ClCompile Include="..\rpkg_src\dev_diff_rpkg_supermetas.cpp">
      <Filter>Source Files</Filter>
    </ClCompile>
    <ClCompile Include="..\rpkg_src\dev_extract_materials_textures_strings.cpp">
      <Filter>Source Files</Filter>
    </ClCompile>
    <ClCompile Include="..\rpkg_src\dev_extract_all_strings.cpp">
      <Filter>Source Files</Filter>
    </ClCompile>
    <ClCompile Include="..\rpkg_src\dev_extract_wwem_strings.cpp">
      <Filter>Source Files</Filter>
    </ClCompile>
    <ClCompile Include="..\rpkg_src\dev_extract_wwes_strings.cpp">
      <Filter>Source Files</Filter>
    </ClCompile>
    <ClCompile Include="..\rpkg_src\dev_extract_wwev_strings.cpp">
      <Filter>Source Files</Filter>
    </ClCompile>
    <ClCompile Include="..\rpkg_src\dev_compute_ioi_hash.cpp">
      <Filter>Source Files</Filter>
    </ClCompile>
    <ClCompile Include="..\rpkg_src\dev_extract_rpkg_supermetas.cpp">
      <Filter>Source Files</Filter>
    </ClCompile>
    <ClCompile Include="..\rpkg_src\extract_gfxf_from.cpp">
      <Filter>Source Files</Filter>
    </ClCompile>
    <ClCompile Include="..\rpkg_src\rebuild_gfxf_in.cpp">
      <Filter>Source Files</Filter>
    </ClCompile>
    <ClCompile Include="..\rpkg_src\dev_extract_wwise_ids.cpp">
      <Filter>Source Files</Filter>
    </ClCompile>
    <ClCompile Include="..\rpkg_src\extract_prel_from.cpp">
      <Filter>Source Files</Filter>
    </ClCompile>
  </ItemGroup>
  <ItemGroup>
    <ClInclude Include="..\rpkg_src\command_line.h">
      <Filter>Header Files</Filter>
    </ClInclude>
    <ClInclude Include="..\rpkg_src\console.h">
      <Filter>Header Files</Filter>
    </ClInclude>
    <ClInclude Include="..\rpkg_src\crypto.h">
      <Filter>Header Files</Filter>
    </ClInclude>
    <ClInclude Include="..\rpkg_src\file.h">
      <Filter>Header Files</Filter>
    </ClInclude>
    <ClInclude Include="..\rpkg_src\framework.h">
      <Filter>Header Files</Filter>
    </ClInclude>
    <ClInclude Include="..\rpkg_src\generic_function.h">
      <Filter>Header Files</Filter>
    </ClInclude>
    <ClInclude Include="..\rpkg_src\global.h">
      <Filter>Header Files</Filter>
    </ClInclude>
    <ClInclude Include="..\rpkg_src\hash.h">
      <Filter>Header Files</Filter>
    </ClInclude>
    <ClInclude Include="..\rpkg_src\rpkg.h">
      <Filter>Header Files</Filter>
    </ClInclude>
    <ClInclude Include="..\rpkg_src\rpkg_dll.h">
      <Filter>Header Files</Filter>
    </ClInclude>
    <ClInclude Include="..\rpkg_src\rpkg_function.h">
      <Filter>Header Files</Filter>
    </ClInclude>
    <ClInclude Include="..\rpkg_src\task.h">
      <Filter>Header Files</Filter>
    </ClInclude>
    <ClInclude Include="..\rpkg_src\util.h">
      <Filter>Header Files</Filter>
    </ClInclude>
    <ClInclude Include="..\rpkg_src\thirdparty\ww2ogg\Bit_stream.h">
      <Filter>Header Files</Filter>
    </ClInclude>
    <ClInclude Include="..\rpkg_src\thirdparty\ww2ogg\crc.h">
      <Filter>Header Files</Filter>
    </ClInclude>
    <ClInclude Include="..\rpkg_src\thirdparty\ww2ogg\errors.h">
      <Filter>Header Files</Filter>
    </ClInclude>
    <ClInclude Include="..\rpkg_src\thirdparty\ww2ogg\packed_codebooks_aoTuV_603.h">
      <Filter>Header Files</Filter>
    </ClInclude>
    <ClInclude Include="..\rpkg_src\thirdparty\ww2ogg\wwriff.h">
      <Filter>Header Files</Filter>
    </ClInclude>
    <ClInclude Include="..\rpkg_src\thirdparty\md5\md5.h">
      <Filter>Header Files</Filter>
    </ClInclude>
    <ClInclude Include="..\rpkg_src\thirdparty\lz4\lz4.h">
      <Filter>Header Files</Filter>
    </ClInclude>
    <ClInclude Include="..\rpkg_src\thirdparty\lz4\lz4hc.h">
      <Filter>Header Files</Filter>
    </ClInclude>
    <ClInclude Include="..\rpkg_src\thirdparty\lz4\xxhash.h">
      <Filter>Header Files</Filter>
    </ClInclude>
    <ClInclude Include="..\rpkg_src\thirdparty\json\json.hpp">
      <Filter>Header Files</Filter>
    </ClInclude>
    <ClInclude Include="..\rpkg_src\thirdparty\ww2ogg\ww2oggcodebook.h">
      <Filter>Header Files</Filter>
    </ClInclude>
    <ClInclude Include="..\rpkg_src\dev_function.h">
      <Filter>Header Files</Filter>
    </ClInclude>
  </ItemGroup>
</Project>